// !$*UTF8*$!
{
	archiveVersion = 1;
	classes = {
	};
	objectVersion = 56;
	objects = {

/* Begin PBXBuildFile section */
		EC69DCC129F270C2000F5897 /* MyLibrary in Frameworks */ = {isa = PBXBuildFile; productRef = EC69DCC029F270C2000F5897 /* MyLibrary */; };
		EC69DCC329F270E7000F5897 /* MyLibraryMocks in Frameworks */ = {isa = PBXBuildFile; productRef = EC69DCC229F270E7000F5897 /* MyLibraryMocks */; settings = {ATTRIBUTES = (Required, ); }; };
		EC7CD89529F1CE6C0097455A /* AppDelegate.swift in Sources */ = {isa = PBXBuildFile; fileRef = EC7CD89429F1CE6C0097455A /* AppDelegate.swift */; };
		EC7CD89729F1CE6C0097455A /* SceneDelegate.swift in Sources */ = {isa = PBXBuildFile; fileRef = EC7CD89629F1CE6C0097455A /* SceneDelegate.swift */; };
		EC7CD89929F1CE6C0097455A /* ViewController.swift in Sources */ = {isa = PBXBuildFile; fileRef = EC7CD89829F1CE6C0097455A /* ViewController.swift */; };
		EC7CD89C29F1CE6C0097455A /* Main.storyboard in Resources */ = {isa = PBXBuildFile; fileRef = EC7CD89A29F1CE6C0097455A /* Main.storyboard */; };
		EC7CD89E29F1CE6D0097455A /* Assets.xcassets in Resources */ = {isa = PBXBuildFile; fileRef = EC7CD89D29F1CE6D0097455A /* Assets.xcassets */; };
		EC7CD8A129F1CE6D0097455A /* LaunchScreen.storyboard in Resources */ = {isa = PBXBuildFile; fileRef = EC7CD89F29F1CE6D0097455A /* LaunchScreen.storyboard */; };
		EC7CD8AC29F1CE6D0097455A /* AdapterTests.swift in Sources */ = {isa = PBXBuildFile; fileRef = EC7CD8AB29F1CE6D0097455A /* AdapterTests.swift */; };
/* End PBXBuildFile section */

/* Begin PBXContainerItemProxy section */
		EC7CD8A829F1CE6D0097455A /* PBXContainerItemProxy */ = {
			isa = PBXContainerItemProxy;
			containerPortal = EC7CD88929F1CE6C0097455A /* Project object */;
			proxyType = 1;
			remoteGlobalIDString = EC7CD89029F1CE6C0097455A;
			remoteInfo = OpaqueGeneric;
		};
/* End PBXContainerItemProxy section */

/* Begin PBXFileReference section */
		EC69DCBC29F26CA6000F5897 /* MyLibrary */ = {isa = PBXFileReference; lastKnownFileType = wrapper; path = MyLibrary; sourceTree = "<group>"; };
		EC7CD89129F1CE6C0097455A /* MyApp.app */ = {isa = PBXFileReference; explicitFileType = wrapper.application; includeInIndex = 0; path = MyApp.app; sourceTree = BUILT_PRODUCTS_DIR; };
		EC7CD89429F1CE6C0097455A /* AppDelegate.swift */ = {isa = PBXFileReference; lastKnownFileType = sourcecode.swift; path = AppDelegate.swift; sourceTree = "<group>"; };
		EC7CD89629F1CE6C0097455A /* SceneDelegate.swift */ = {isa = PBXFileReference; lastKnownFileType = sourcecode.swift; path = SceneDelegate.swift; sourceTree = "<group>"; };
		EC7CD89829F1CE6C0097455A /* ViewController.swift */ = {isa = PBXFileReference; lastKnownFileType = sourcecode.swift; path = ViewController.swift; sourceTree = "<group>"; };
		EC7CD89B29F1CE6C0097455A /* Base */ = {isa = PBXFileReference; lastKnownFileType = file.storyboard; name = Base; path = Base.lproj/Main.storyboard; sourceTree = "<group>"; };
		EC7CD89D29F1CE6D0097455A /* Assets.xcassets */ = {isa = PBXFileReference; lastKnownFileType = folder.assetcatalog; path = Assets.xcassets; sourceTree = "<group>"; };
		EC7CD8A029F1CE6D0097455A /* Base */ = {isa = PBXFileReference; lastKnownFileType = file.storyboard; name = Base; path = Base.lproj/LaunchScreen.storyboard; sourceTree = "<group>"; };
		EC7CD8A229F1CE6D0097455A /* Info.plist */ = {isa = PBXFileReference; lastKnownFileType = text.plist.xml; path = Info.plist; sourceTree = "<group>"; };
		EC7CD8A729F1CE6D0097455A /* MyAppTests.xctest */ = {isa = PBXFileReference; explicitFileType = wrapper.cfbundle; includeInIndex = 0; path = MyAppTests.xctest; sourceTree = BUILT_PRODUCTS_DIR; };
		EC7CD8AB29F1CE6D0097455A /* AdapterTests.swift */ = {isa = PBXFileReference; lastKnownFileType = sourcecode.swift; path = AdapterTests.swift; sourceTree = "<group>"; };
/* End PBXFileReference section */

/* Begin PBXFrameworksBuildPhase section */
		EC7CD88E29F1CE6C0097455A /* Frameworks */ = {
			isa = PBXFrameworksBuildPhase;
			buildActionMask = 2147483647;
			files = (
				EC69DCC129F270C2000F5897 /* MyLibrary in Frameworks */,
			);
			runOnlyForDeploymentPostprocessing = 0;
		};
		EC7CD8A429F1CE6D0097455A /* Frameworks */ = {
			isa = PBXFrameworksBuildPhase;
			buildActionMask = 2147483647;
			files = (
				EC69DCC329F270E7000F5897 /* MyLibraryMocks in Frameworks */,
			);
			runOnlyForDeploymentPostprocessing = 0;
		};
/* End PBXFrameworksBuildPhase section */

/* Begin PBXGroup section */
		EC69DCBD29F26CF3000F5897 /* Frameworks */ = {
			isa = PBXGroup;
			children = (
			);
			name = Frameworks;
			sourceTree = "<group>";
		};
		EC7CD88829F1CE6C0097455A = {
			isa = PBXGroup;
			children = (
				EC69DCBC29F26CA6000F5897 /* MyLibrary */,
				EC7CD89329F1CE6C0097455A /* MyApp */,
				EC7CD8AA29F1CE6D0097455A /* MyAppTests */,
				EC7CD89229F1CE6C0097455A /* Products */,
				EC69DCBD29F26CF3000F5897 /* Frameworks */,
			);
			sourceTree = "<group>";
		};
		EC7CD89229F1CE6C0097455A /* Products */ = {
			isa = PBXGroup;
			children = (
				EC7CD89129F1CE6C0097455A /* MyApp.app */,
				EC7CD8A729F1CE6D0097455A /* MyAppTests.xctest */,
			);
			name = Products;
			sourceTree = "<group>";
		};
		EC7CD89329F1CE6C0097455A /* MyApp */ = {
			isa = PBXGroup;
			children = (
				EC7CD89429F1CE6C0097455A /* AppDelegate.swift */,
				EC7CD89629F1CE6C0097455A /* SceneDelegate.swift */,
				EC7CD89829F1CE6C0097455A /* ViewController.swift */,
				EC7CD89A29F1CE6C0097455A /* Main.storyboard */,
				EC7CD89D29F1CE6D0097455A /* Assets.xcassets */,
				EC7CD89F29F1CE6D0097455A /* LaunchScreen.storyboard */,
				EC7CD8A229F1CE6D0097455A /* Info.plist */,
			);
			path = MyApp;
			sourceTree = "<group>";
		};
		EC7CD8AA29F1CE6D0097455A /* MyAppTests */ = {
			isa = PBXGroup;
			children = (
				EC7CD8AB29F1CE6D0097455A /* AdapterTests.swift */,
			);
			path = MyAppTests;
			sourceTree = "<group>";
		};
/* End PBXGroup section */

/* Begin PBXNativeTarget section */
		EC7CD89029F1CE6C0097455A /* MyApp */ = {
			isa = PBXNativeTarget;
			buildConfigurationList = EC7CD8BB29F1CE6D0097455A /* Build configuration list for PBXNativeTarget "MyApp" */;
			buildPhases = (
				EC7CD88D29F1CE6C0097455A /* Sources */,
				EC7CD88E29F1CE6C0097455A /* Frameworks */,
				EC7CD88F29F1CE6C0097455A /* Resources */,
			);
			buildRules = (
			);
			dependencies = (
			);
			name = MyApp;
			packageProductDependencies = (
				EC69DCC029F270C2000F5897 /* MyLibrary */,
			);
			productName = OpaqueGeneric;
			productReference = EC7CD89129F1CE6C0097455A /* MyApp.app */;
			productType = "com.apple.product-type.application";
		};
		EC7CD8A629F1CE6D0097455A /* MyAppTests */ = {
			isa = PBXNativeTarget;
			buildConfigurationList = EC7CD8BE29F1CE6D0097455A /* Build configuration list for PBXNativeTarget "MyAppTests" */;
			buildPhases = (
				EC7CD8A329F1CE6D0097455A /* Sources */,
				EC7CD8A429F1CE6D0097455A /* Frameworks */,
				EC7CD8A529F1CE6D0097455A /* Resources */,
			);
			buildRules = (
			);
			dependencies = (
				EC7CD8A929F1CE6D0097455A /* PBXTargetDependency */,
			);
			name = MyAppTests;
			packageProductDependencies = (
				EC69DCC229F270E7000F5897 /* MyLibraryMocks */,
			);
			productName = OpaqueGenericTests;
			productReference = EC7CD8A729F1CE6D0097455A /* MyAppTests.xctest */;
			productType = "com.apple.product-type.bundle.unit-test";
		};
/* End PBXNativeTarget section */

/* Begin PBXProject section */
		EC7CD88929F1CE6C0097455A /* Project object */ = {
			isa = PBXProject;
			attributes = {
				BuildIndependentTargetsInParallel = 1;
				LastSwiftUpdateCheck = 1430;
				LastUpgradeCheck = 1430;
				TargetAttributes = {
					EC7CD89029F1CE6C0097455A = {
						CreatedOnToolsVersion = 14.3;
					};
					EC7CD8A629F1CE6D0097455A = {
						CreatedOnToolsVersion = 14.3;
						TestTargetID = EC7CD89029F1CE6C0097455A;
					};
				};
			};
			buildConfigurationList = EC7CD88C29F1CE6C0097455A /* Build configuration list for PBXProject "MyApp" */;
			compatibilityVersion = "Xcode 14.0";
			developmentRegion = en;
			hasScannedForEncodings = 0;
			knownRegions = (
				en,
				Base,
			);
			mainGroup = EC7CD88829F1CE6C0097455A;
			productRefGroup = EC7CD89229F1CE6C0097455A /* Products */;
			projectDirPath = "";
			projectRoot = "";
			targets = (
				EC7CD89029F1CE6C0097455A /* MyApp */,
				EC7CD8A629F1CE6D0097455A /* MyAppTests */,
			);
		};
/* End PBXProject section */

/* Begin PBXResourcesBuildPhase section */
		EC7CD88F29F1CE6C0097455A /* Resources */ = {
			isa = PBXResourcesBuildPhase;
			buildActionMask = 2147483647;
			files = (
				EC7CD8A129F1CE6D0097455A /* LaunchScreen.storyboard in Resources */,
				EC7CD89E29F1CE6D0097455A /* Assets.xcassets in Resources */,
				EC7CD89C29F1CE6C0097455A /* Main.storyboard in Resources */,
			);
			runOnlyForDeploymentPostprocessing = 0;
		};
		EC7CD8A529F1CE6D0097455A /* Resources */ = {
			isa = PBXResourcesBuildPhase;
			buildActionMask = 2147483647;
			files = (
			);
			runOnlyForDeploymentPostprocessing = 0;
		};
/* End PBXResourcesBuildPhase section */

/* Begin PBXSourcesBuildPhase section */
		EC7CD88D29F1CE6C0097455A /* Sources */ = {
			isa = PBXSourcesBuildPhase;
			buildActionMask = 2147483647;
			files = (
				EC7CD89929F1CE6C0097455A /* ViewController.swift in Sources */,
				EC7CD89529F1CE6C0097455A /* AppDelegate.swift in Sources */,
				EC7CD89729F1CE6C0097455A /* SceneDelegate.swift in Sources */,
			);
			runOnlyForDeploymentPostprocessing = 0;
		};
		EC7CD8A329F1CE6D0097455A /* Sources */ = {
			isa = PBXSourcesBuildPhase;
			buildActionMask = 2147483647;
			files = (
				EC7CD8AC29F1CE6D0097455A /* AdapterTests.swift in Sources */,
			);
			runOnlyForDeploymentPostprocessing = 0;
		};
/* End PBXSourcesBuildPhase section */

/* Begin PBXTargetDependency section */
		EC7CD8A929F1CE6D0097455A /* PBXTargetDependency */ = {
			isa = PBXTargetDependency;
			target = EC7CD89029F1CE6C0097455A /* MyApp */;
			targetProxy = EC7CD8A829F1CE6D0097455A /* PBXContainerItemProxy */;
		};
/* End PBXTargetDependency section */

/* Begin PBXVariantGroup section */
		EC7CD89A29F1CE6C0097455A /* Main.storyboard */ = {
			isa = PBXVariantGroup;
			children = (
				EC7CD89B29F1CE6C0097455A /* Base */,
			);
			name = Main.storyboard;
			sourceTree = "<group>";
		};
		EC7CD89F29F1CE6D0097455A /* LaunchScreen.storyboard */ = {
			isa = PBXVariantGroup;
			children = (
				EC7CD8A029F1CE6D0097455A /* Base */,
			);
			name = LaunchScreen.storyboard;
			sourceTree = "<group>";
		};
/* End PBXVariantGroup section */

/* Begin XCBuildConfiguration section */
		EC7CD8B929F1CE6D0097455A /* Debug */ = {
			isa = XCBuildConfiguration;
			buildSettings = {
				ALWAYS_SEARCH_USER_PATHS = NO;
				CLANG_ANALYZER_NONNULL = YES;
				CLANG_ANALYZER_NUMBER_OBJECT_CONVERSION = YES_AGGRESSIVE;
				CLANG_CXX_LANGUAGE_STANDARD = "gnu++20";
				CLANG_ENABLE_MODULES = YES;
				CLANG_ENABLE_OBJC_ARC = YES;
				CLANG_ENABLE_OBJC_WEAK = YES;
				CLANG_WARN_BLOCK_CAPTURE_AUTORELEASING = YES;
				CLANG_WARN_BOOL_CONVERSION = YES;
				CLANG_WARN_COMMA = YES;
				CLANG_WARN_CONSTANT_CONVERSION = YES;
				CLANG_WARN_DEPRECATED_OBJC_IMPLEMENTATIONS = YES;
				CLANG_WARN_DIRECT_OBJC_ISA_USAGE = YES_ERROR;
				CLANG_WARN_DOCUMENTATION_COMMENTS = YES;
				CLANG_WARN_EMPTY_BODY = YES;
				CLANG_WARN_ENUM_CONVERSION = YES;
				CLANG_WARN_INFINITE_RECURSION = YES;
				CLANG_WARN_INT_CONVERSION = YES;
				CLANG_WARN_NON_LITERAL_NULL_CONVERSION = YES;
				CLANG_WARN_OBJC_IMPLICIT_RETAIN_SELF = YES;
				CLANG_WARN_OBJC_LITERAL_CONVERSION = YES;
				CLANG_WARN_OBJC_ROOT_CLASS = YES_ERROR;
				CLANG_WARN_QUOTED_INCLUDE_IN_FRAMEWORK_HEADER = YES;
				CLANG_WARN_RANGE_LOOP_ANALYSIS = YES;
				CLANG_WARN_STRICT_PROTOTYPES = YES;
				CLANG_WARN_SUSPICIOUS_MOVE = YES;
				CLANG_WARN_UNGUARDED_AVAILABILITY = YES_AGGRESSIVE;
				CLANG_WARN_UNREACHABLE_CODE = YES;
				CLANG_WARN__DUPLICATE_METHOD_MATCH = YES;
				COPY_PHASE_STRIP = NO;
				DEBUG_INFORMATION_FORMAT = dwarf;
				ENABLE_STRICT_OBJC_MSGSEND = YES;
				ENABLE_TESTABILITY = YES;
				GCC_C_LANGUAGE_STANDARD = gnu11;
				GCC_DYNAMIC_NO_PIC = NO;
				GCC_NO_COMMON_BLOCKS = YES;
				GCC_OPTIMIZATION_LEVEL = 0;
				GCC_PREPROCESSOR_DEFINITIONS = (
					"DEBUG=1",
					"$(inherited)",
				);
				GCC_WARN_64_TO_32_BIT_CONVERSION = YES;
				GCC_WARN_ABOUT_RETURN_TYPE = YES_ERROR;
				GCC_WARN_UNDECLARED_SELECTOR = YES;
				GCC_WARN_UNINITIALIZED_AUTOS = YES_AGGRESSIVE;
				GCC_WARN_UNUSED_FUNCTION = YES;
				GCC_WARN_UNUSED_VARIABLE = YES;
				IPHONEOS_DEPLOYMENT_TARGET = 16.4;
				MTL_ENABLE_DEBUG_INFO = INCLUDE_SOURCE;
				MTL_FAST_MATH = YES;
				ONLY_ACTIVE_ARCH = YES;
				SDKROOT = iphoneos;
				SWIFT_ACTIVE_COMPILATION_CONDITIONS = DEBUG;
				SWIFT_OPTIMIZATION_LEVEL = "-Onone";
			};
			name = Debug;
		};
		EC7CD8BA29F1CE6D0097455A /* Release */ = {
			isa = XCBuildConfiguration;
			buildSettings = {
				ALWAYS_SEARCH_USER_PATHS = NO;
				CLANG_ANALYZER_NONNULL = YES;
				CLANG_ANALYZER_NUMBER_OBJECT_CONVERSION = YES_AGGRESSIVE;
				CLANG_CXX_LANGUAGE_STANDARD = "gnu++20";
				CLANG_ENABLE_MODULES = YES;
				CLANG_ENABLE_OBJC_ARC = YES;
				CLANG_ENABLE_OBJC_WEAK = YES;
				CLANG_WARN_BLOCK_CAPTURE_AUTORELEASING = YES;
				CLANG_WARN_BOOL_CONVERSION = YES;
				CLANG_WARN_COMMA = YES;
				CLANG_WARN_CONSTANT_CONVERSION = YES;
				CLANG_WARN_DEPRECATED_OBJC_IMPLEMENTATIONS = YES;
				CLANG_WARN_DIRECT_OBJC_ISA_USAGE = YES_ERROR;
				CLANG_WARN_DOCUMENTATION_COMMENTS = YES;
				CLANG_WARN_EMPTY_BODY = YES;
				CLANG_WARN_ENUM_CONVERSION = YES;
				CLANG_WARN_INFINITE_RECURSION = YES;
				CLANG_WARN_INT_CONVERSION = YES;
				CLANG_WARN_NON_LITERAL_NULL_CONVERSION = YES;
				CLANG_WARN_OBJC_IMPLICIT_RETAIN_SELF = YES;
				CLANG_WARN_OBJC_LITERAL_CONVERSION = YES;
				CLANG_WARN_OBJC_ROOT_CLASS = YES_ERROR;
				CLANG_WARN_QUOTED_INCLUDE_IN_FRAMEWORK_HEADER = YES;
				CLANG_WARN_RANGE_LOOP_ANALYSIS = YES;
				CLANG_WARN_STRICT_PROTOTYPES = YES;
				CLANG_WARN_SUSPICIOUS_MOVE = YES;
				CLANG_WARN_UNGUARDED_AVAILABILITY = YES_AGGRESSIVE;
				CLANG_WARN_UNREACHABLE_CODE = YES;
				CLANG_WARN__DUPLICATE_METHOD_MATCH = YES;
				COPY_PHASE_STRIP = NO;
				DEBUG_INFORMATION_FORMAT = "dwarf-with-dsym";
				ENABLE_NS_ASSERTIONS = NO;
				ENABLE_STRICT_OBJC_MSGSEND = YES;
				GCC_C_LANGUAGE_STANDARD = gnu11;
				GCC_NO_COMMON_BLOCKS = YES;
				GCC_WARN_64_TO_32_BIT_CONVERSION = YES;
				GCC_WARN_ABOUT_RETURN_TYPE = YES_ERROR;
				GCC_WARN_UNDECLARED_SELECTOR = YES;
				GCC_WARN_UNINITIALIZED_AUTOS = YES_AGGRESSIVE;
				GCC_WARN_UNUSED_FUNCTION = YES;
				GCC_WARN_UNUSED_VARIABLE = YES;
				IPHONEOS_DEPLOYMENT_TARGET = 16.4;
				MTL_ENABLE_DEBUG_INFO = NO;
				MTL_FAST_MATH = YES;
				SDKROOT = iphoneos;
				SWIFT_COMPILATION_MODE = wholemodule;
				SWIFT_OPTIMIZATION_LEVEL = "-O";
				VALIDATE_PRODUCT = YES;
			};
			name = Release;
		};
		EC7CD8BC29F1CE6D0097455A /* Debug */ = {
			isa = XCBuildConfiguration;
			buildSettings = {
				ASSETCATALOG_COMPILER_APPICON_NAME = AppIcon;
				ASSETCATALOG_COMPILER_GLOBAL_ACCENT_COLOR_NAME = AccentColor;
				CODE_SIGN_STYLE = Automatic;
				CURRENT_PROJECT_VERSION = 1;
				DEVELOPMENT_TEAM = X9H4H3QDT3;
				GENERATE_INFOPLIST_FILE = YES;
				INFOPLIST_FILE = MyApp/Info.plist;
				INFOPLIST_KEY_UIApplicationSupportsIndirectInputEvents = YES;
				INFOPLIST_KEY_UILaunchStoryboardName = LaunchScreen;
				INFOPLIST_KEY_UIMainStoryboardFile = Main;
				INFOPLIST_KEY_UISupportedInterfaceOrientations_iPad = "UIInterfaceOrientationPortrait UIInterfaceOrientationPortraitUpsideDown UIInterfaceOrientationLandscapeLeft UIInterfaceOrientationLandscapeRight";
				INFOPLIST_KEY_UISupportedInterfaceOrientations_iPhone = "UIInterfaceOrientationPortrait UIInterfaceOrientationLandscapeLeft UIInterfaceOrientationLandscapeRight";
				LD_RUNPATH_SEARCH_PATHS = (
					"$(inherited)",
					"@executable_path/Frameworks",
				);
				MARKETING_VERSION = 1.0;
				PRODUCT_BUNDLE_IDENTIFIER = com.victorsocaciu.test.OpaqueGeneric;
				PRODUCT_NAME = "$(TARGET_NAME)";
				SWIFT_EMIT_LOC_STRINGS = YES;
				SWIFT_VERSION = 5.0;
				TARGETED_DEVICE_FAMILY = "1,2";
			};
			name = Debug;
		};
		EC7CD8BD29F1CE6D0097455A /* Release */ = {
			isa = XCBuildConfiguration;
			buildSettings = {
				ASSETCATALOG_COMPILER_APPICON_NAME = AppIcon;
				ASSETCATALOG_COMPILER_GLOBAL_ACCENT_COLOR_NAME = AccentColor;
				CODE_SIGN_STYLE = Automatic;
				CURRENT_PROJECT_VERSION = 1;
				DEVELOPMENT_TEAM = X9H4H3QDT3;
				GENERATE_INFOPLIST_FILE = YES;
				INFOPLIST_FILE = MyApp/Info.plist;
				INFOPLIST_KEY_UIApplicationSupportsIndirectInputEvents = YES;
				INFOPLIST_KEY_UILaunchStoryboardName = LaunchScreen;
				INFOPLIST_KEY_UIMainStoryboardFile = Main;
				INFOPLIST_KEY_UISupportedInterfaceOrientations_iPad = "UIInterfaceOrientationPortrait UIInterfaceOrientationPortraitUpsideDown UIInterfaceOrientationLandscapeLeft UIInterfaceOrientationLandscapeRight";
				INFOPLIST_KEY_UISupportedInterfaceOrientations_iPhone = "UIInterfaceOrientationPortrait UIInterfaceOrientationLandscapeLeft UIInterfaceOrientationLandscapeRight";
				LD_RUNPATH_SEARCH_PATHS = (
					"$(inherited)",
					"@executable_path/Frameworks",
				);
				MARKETING_VERSION = 1.0;
				PRODUCT_BUNDLE_IDENTIFIER = com.victorsocaciu.test.OpaqueGeneric;
				PRODUCT_NAME = "$(TARGET_NAME)";
				SWIFT_EMIT_LOC_STRINGS = YES;
				SWIFT_VERSION = 5.0;
				TARGETED_DEVICE_FAMILY = "1,2";
			};
			name = Release;
		};
		EC7CD8BF29F1CE6D0097455A /* Debug */ = {
			isa = XCBuildConfiguration;
			buildSettings = {
				ALWAYS_EMBED_SWIFT_STANDARD_LIBRARIES = YES;
				BUNDLE_LOADER = "$(TEST_HOST)";
				CODE_SIGN_STYLE = Automatic;
				CURRENT_PROJECT_VERSION = 1;
				DEVELOPMENT_TEAM = X9H4H3QDT3;
				GENERATE_INFOPLIST_FILE = YES;
				IPHONEOS_DEPLOYMENT_TARGET = 16.4;
				MARKETING_VERSION = 1.0;
				PRODUCT_BUNDLE_IDENTIFIER = com.victorsocaciu.test.OpaqueGenericTests;
				PRODUCT_NAME = "$(TARGET_NAME)";
				SWIFT_EMIT_LOC_STRINGS = NO;
				SWIFT_VERSION = 5.0;
				TARGETED_DEVICE_FAMILY = "1,2";
				TEST_HOST = "$(BUILT_PRODUCTS_DIR)/MyApp.app/$(BUNDLE_EXECUTABLE_FOLDER_PATH)/MyApp";
			};
			name = Debug;
		};
		EC7CD8C029F1CE6D0097455A /* Release */ = {
			isa = XCBuildConfiguration;
			buildSettings = {
				ALWAYS_EMBED_SWIFT_STANDARD_LIBRARIES = YES;
				BUNDLE_LOADER = "$(TEST_HOST)";
				CODE_SIGN_STYLE = Automatic;
				CURRENT_PROJECT_VERSION = 1;
				DEVELOPMENT_TEAM = X9H4H3QDT3;
				GENERATE_INFOPLIST_FILE = YES;
				IPHONEOS_DEPLOYMENT_TARGET = 16.4;
				MARKETING_VERSION = 1.0;
				PRODUCT_BUNDLE_IDENTIFIER = com.victorsocaciu.test.OpaqueGenericTests;
				PRODUCT_NAME = "$(TARGET_NAME)";
				SWIFT_EMIT_LOC_STRINGS = NO;
				SWIFT_VERSION = 5.0;
				TARGETED_DEVICE_FAMILY = "1,2";
				TEST_HOST = "$(BUILT_PRODUCTS_DIR)/MyApp.app/$(BUNDLE_EXECUTABLE_FOLDER_PATH)/MyApp";
			};
			name = Release;
		};
/* End XCBuildConfiguration section */

/* Begin XCConfigurationList section */
		EC7CD88C29F1CE6C0097455A /* Build configuration list for PBXProject "MyApp" */ = {
			isa = XCConfigurationList;
			buildConfigurations = (
				EC7CD8B929F1CE6D0097455A /* Debug */,
				EC7CD8BA29F1CE6D0097455A /* Release */,
			);
			defaultConfigurationIsVisible = 0;
			defaultConfigurationName = Release;
		};
		EC7CD8BB29F1CE6D0097455A /* Build configuration list for PBXNativeTarget "MyApp" */ = {
			isa = XCConfigurationList;
			buildConfigurations = (
				EC7CD8BC29F1CE6D0097455A /* Debug */,
				EC7CD8BD29F1CE6D0097455A /* Release */,
			);
			defaultConfigurationIsVisible = 0;
			defaultConfigurationName = Release;
		};
		EC7CD8BE29F1CE6D0097455A /* Build configuration list for PBXNativeTarget "MyAppTests" */ = {
			isa = XCConfigurationList;
			buildConfigurations = (
				EC7CD8BF29F1CE6D0097455A /* Debug */,
				EC7CD8C029F1CE6D0097455A /* Release */,
			);
			defaultConfigurationIsVisible = 0;
			defaultConfigurationName = Release;
		};
/* End XCConfigurationList section */

/* Begin XCSwiftPackageProductDependency section */
		EC69DCC029F270C2000F5897 /* MyLibrary */ = {
			isa = XCSwiftPackageProductDependency;
			productName = MyLibrary;
		};
		EC69DCC229F270E7000F5897 /* MyLibraryMocks */ = {
			isa = XCSwiftPackageProductDependency;
			productName = MyLibraryMocks;
		};
/* End XCSwiftPackageProductDependency section */
	};
	rootObject = EC7CD88929F1CE6C0097455A /* Project object */;
}
